
Microsoft Visual Studio Solution File, Format Version 12.00
# Visual Studio Version 17
VisualStudioVersion = 17.0.31903.59
MinimumVisualStudioVersion = 10.0.40219.1
Project("{2150E333-8FDC-42A3-9474-1A3956D46DE8}") = "src", "src", "{827E0CD3-B72D-47B6-A68D-7590B98EB39B}"
EndProject
Project("{FAE04EC0-301F-11D3-BF4B-00C04F79EFBC}") = "ToDoList.WebApi", "src\ToDoList.WebApi\ToDoList.WebApi.csproj", "{ABB0E13E-5ECE-43DF-B481-DC43297E8CBB}"
EndProject
Project("{FAE04EC0-301F-11D3-BF4B-00C04F79EFBC}") = "ToDoList.Domain", "src\ToDoList.Domain\ToDoList.Domain.csproj", "{FA6CE5F3-0EA3-4B2A-ACC7-5BC155023531}"
EndProject
Project("{FAE04EC0-301F-11D3-BF4B-00C04F79EFBC}") = "ToDoList.Persistence", "src\ToDoList.Persistence\ToDoList.Persistence.csproj", "{A211DC4D-4D5D-4470-94D6-C0358B241139}"
EndProject
Project("{2150E333-8FDC-42A3-9474-1A3956D46DE8}") = "tests", "tests", "{0AB3BF05-4346-4AA6-1389-037BE0695223}"
EndProject
Project("{2150E333-8FDC-42A3-9474-1A3956D46DE8}") = "ToDoList.Test", "ToDoList.Test", "{109DF002-997E-6BA9-019B-C4EAEDBCF8C6}"
EndProject
Project("{2150E333-8FDC-42A3-9474-1A3956D46DE8}") = "IntegrationTests", "IntegrationTests", "{31A5E388-B154-7589-1E5B-FD4C520316B4}"
EndProject
Project("{FAE04EC0-301F-11D3-BF4B-00C04F79EFBC}") = "ToDoList.Test.IntegrationTests", "tests\ToDoList.Test\IntegrationTests\ToDoList.Test.IntegrationTests.csproj", "{D26CAD2F-D709-48DA-A612-2D155C41FDBF}"
EndProject
Global
	GlobalSection(SolutionConfigurationPlatforms) = preSolution
		Debug|Any CPU = Debug|Any CPU
		Debug|x64 = Debug|x64
		Debug|x86 = Debug|x86
		Release|Any CPU = Release|Any CPU
		Release|x64 = Release|x64
		Release|x86 = Release|x86
	EndGlobalSection
	GlobalSection(ProjectConfigurationPlatforms) = postSolution
		{ABB0E13E-5ECE-43DF-B481-DC43297E8CBB}.Debug|Any CPU.ActiveCfg = Debug|Any CPU
		{ABB0E13E-5ECE-43DF-B481-DC43297E8CBB}.Debug|Any CPU.Build.0 = Debug|Any CPU
		{ABB0E13E-5ECE-43DF-B481-DC43297E8CBB}.Debug|x64.ActiveCfg = Debug|Any CPU
		{ABB0E13E-5ECE-43DF-B481-DC43297E8CBB}.Debug|x64.Build.0 = Debug|Any CPU
		{ABB0E13E-5ECE-43DF-B481-DC43297E8CBB}.Debug|x86.ActiveCfg = Debug|Any CPU
		{ABB0E13E-5ECE-43DF-B481-DC43297E8CBB}.Debug|x86.Build.0 = Debug|Any CPU
		{ABB0E13E-5ECE-43DF-B481-DC43297E8CBB}.Release|Any CPU.ActiveCfg = Release|Any CPU
		{ABB0E13E-5ECE-43DF-B481-DC43297E8CBB}.Release|Any CPU.Build.0 = Release|Any CPU
		{ABB0E13E-5ECE-43DF-B481-DC43297E8CBB}.Release|x64.ActiveCfg = Release|Any CPU
		{ABB0E13E-5ECE-43DF-B481-DC43297E8CBB}.Release|x64.Build.0 = Release|Any CPU
		{ABB0E13E-5ECE-43DF-B481-DC43297E8CBB}.Release|x86.ActiveCfg = Release|Any CPU
		{ABB0E13E-5ECE-43DF-B481-DC43297E8CBB}.Release|x86.Build.0 = Release|Any CPU
		{FA6CE5F3-0EA3-4B2A-ACC7-5BC155023531}.Debug|Any CPU.ActiveCfg = Debug|Any CPU
		{FA6CE5F3-0EA3-4B2A-ACC7-5BC155023531}.Debug|Any CPU.Build.0 = Debug|Any CPU
		{FA6CE5F3-0EA3-4B2A-ACC7-5BC155023531}.Debug|x64.ActiveCfg = Debug|Any CPU
		{FA6CE5F3-0EA3-4B2A-ACC7-5BC155023531}.Debug|x64.Build.0 = Debug|Any CPU
		{FA6CE5F3-0EA3-4B2A-ACC7-5BC155023531}.Debug|x86.ActiveCfg = Debug|Any CPU
		{FA6CE5F3-0EA3-4B2A-ACC7-5BC155023531}.Debug|x86.Build.0 = Debug|Any CPU
		{FA6CE5F3-0EA3-4B2A-ACC7-5BC155023531}.Release|Any CPU.ActiveCfg = Release|Any CPU
		{FA6CE5F3-0EA3-4B2A-ACC7-5BC155023531}.Release|Any CPU.Build.0 = Release|Any CPU
		{FA6CE5F3-0EA3-4B2A-ACC7-5BC155023531}.Release|x64.ActiveCfg = Release|Any CPU
		{FA6CE5F3-0EA3-4B2A-ACC7-5BC155023531}.Release|x64.Build.0 = Release|Any CPU
		{FA6CE5F3-0EA3-4B2A-ACC7-5BC155023531}.Release|x86.ActiveCfg = Release|Any CPU
		{FA6CE5F3-0EA3-4B2A-ACC7-5BC155023531}.Release|x86.Build.0 = Release|Any CPU
		{A211DC4D-4D5D-4470-94D6-C0358B241139}.Debug|Any CPU.ActiveCfg = Debug|Any CPU
		{A211DC4D-4D5D-4470-94D6-C0358B241139}.Debug|Any CPU.Build.0 = Debug|Any CPU
		{A211DC4D-4D5D-4470-94D6-C0358B241139}.Debug|x64.ActiveCfg = Debug|Any CPU
		{A211DC4D-4D5D-4470-94D6-C0358B241139}.Debug|x64.Build.0 = Debug|Any CPU
		{A211DC4D-4D5D-4470-94D6-C0358B241139}.Debug|x86.ActiveCfg = Debug|Any CPU
		{A211DC4D-4D5D-4470-94D6-C0358B241139}.Debug|x86.Build.0 = Debug|Any CPU
		{A211DC4D-4D5D-4470-94D6-C0358B241139}.Release|Any CPU.ActiveCfg = Release|Any CPU
		{A211DC4D-4D5D-4470-94D6-C0358B241139}.Release|Any CPU.Build.0 = Release|Any CPU
		{A211DC4D-4D5D-4470-94D6-C0358B241139}.Release|x64.ActiveCfg = Release|Any CPU
		{A211DC4D-4D5D-4470-94D6-C0358B241139}.Release|x64.Build.0 = Release|Any CPU
		{A211DC4D-4D5D-4470-94D6-C0358B241139}.Release|x86.ActiveCfg = Release|Any CPU
		{A211DC4D-4D5D-4470-94D6-C0358B241139}.Release|x86.Build.0 = Release|Any CPU
		{D26CAD2F-D709-48DA-A612-2D155C41FDBF}.Debug|Any CPU.ActiveCfg = Debug|Any CPU
		{D26CAD2F-D709-48DA-A612-2D155C41FDBF}.Debug|Any CPU.Build.0 = Debug|Any CPU
		{D26CAD2F-D709-48DA-A612-2D155C41FDBF}.Debug|x64.ActiveCfg = Debug|Any CPU
		{D26CAD2F-D709-48DA-A612-2D155C41FDBF}.Debug|x64.Build.0 = Debug|Any CPU
		{D26CAD2F-D709-48DA-A612-2D155C41FDBF}.Debug|x86.ActiveCfg = Debug|Any CPU
		{D26CAD2F-D709-48DA-A612-2D155C41FDBF}.Debug|x86.Build.0 = Debug|Any CPU
		{D26CAD2F-D709-48DA-A612-2D155C41FDBF}.Release|Any CPU.ActiveCfg = Release|Any CPU
		{D26CAD2F-D709-48DA-A612-2D155C41FDBF}.Release|Any CPU.Build.0 = Release|Any CPU
		{D26CAD2F-D709-48DA-A612-2D155C41FDBF}.Release|x64.ActiveCfg = Release|Any CPU
		{D26CAD2F-D709-48DA-A612-2D155C41FDBF}.Release|x64.Build.0 = Release|Any CPU
		{D26CAD2F-D709-48DA-A612-2D155C41FDBF}.Release|x86.ActiveCfg = Release|Any CPU
		{D26CAD2F-D709-48DA-A612-2D155C41FDBF}.Release|x86.Build.0 = Release|Any CPU
	EndGlobalSection
	GlobalSection(SolutionProperties) = preSolution
		HideSolutionNode = FALSE
	EndGlobalSection
	GlobalSection(NestedProjects) = preSolution
		{ABB0E13E-5ECE-43DF-B481-DC43297E8CBB} = {827E0CD3-B72D-47B6-A68D-7590B98EB39B}
		{FA6CE5F3-0EA3-4B2A-ACC7-5BC155023531} = {827E0CD3-B72D-47B6-A68D-7590B98EB39B}
		{A211DC4D-4D5D-4470-94D6-C0358B241139} = {827E0CD3-B72D-47B6-A68D-7590B98EB39B}
		{109DF002-997E-6BA9-019B-C4EAEDBCF8C6} = {0AB3BF05-4346-4AA6-1389-037BE0695223}
		{31A5E388-B154-7589-1E5B-FD4C520316B4} = {109DF002-997E-6BA9-019B-C4EAEDBCF8C6}
		{D26CAD2F-D709-48DA-A612-2D155C41FDBF} = {31A5E388-B154-7589-1E5B-FD4C520316B4}
	EndGlobalSection
EndGlobal
